PODS:
  - Malibu (8.1.0):
    - When (~> 3.0)
  - When (3.0.3):
    - When/Core (= 3.0.3)
  - When/Core (3.0.3)

DEPENDENCIES:
  - Malibu

SPEC REPOS:
  trunk:
    - Malibu
    - When

SPEC CHECKSUMS:
  Malibu: 9765a6a2845d09f5664e7d858c90a926bb17ad1a
  When: 4ff08e016ff5b70ad7fcfdc2b7de0825b60b3ec6

PODFILE CHECKSUM: 2e3a3894d32f24c89e99936d4c5fc6c34e93afd6

COCOAPODS: 1.9.1
