// !$*UTF8*$!
{
	archiveVersion = 1;
	classes = {
	};
	objectVersion = 51;
	objects = {

/* Begin PBXBuildFile section */
		8E77B9A3B6962736D71C3A37 /* Pods_Proxi_mo.framework in Frameworks */ = {isa = PBXBuildFile; fileRef = 29EEC454885373E19EDC1571 /* Pods_Proxi_mo.framework */; };
		CC2CFA412444BE3F00522CF3 /* Category.swift in Sources */ = {isa = PBXBuildFile; fileRef = CC2CFA402444BE3F00522CF3 /* Category.swift */; };
		CC2CFA4524452B7400522CF3 /* ProximoEndpoint.swift in Sources */ = {isa = PBXBuildFile; fileRef = CC2CFA4424452B7400522CF3 /* ProximoEndpoint.swift */; };
		CC2CFA472445F61000522CF3 /* ProximoNetworking.swift in Sources */ = {isa = PBXBuildFile; fileRef = CC2CFA462445F61000522CF3 /* ProximoNetworking.swift */; };
		CC2CFA492445F82C00522CF3 /* District.swift in Sources */ = {isa = PBXBuildFile; fileRef = CC2CFA482445F82C00522CF3 /* District.swift */; };
		CC2CFA4B2446017000522CF3 /* County.swift in Sources */ = {isa = PBXBuildFile; fileRef = CC2CFA4A2446017000522CF3 /* County.swift */; };
		CC2CFA4F244604B400522CF3 /* CompanyByDistrict.swift in Sources */ = {isa = PBXBuildFile; fileRef = CC2CFA4E244604B400522CF3 /* CompanyByDistrict.swift */; };
		CC2CFA512446093100522CF3 /* CompanyByCounty.swift in Sources */ = {isa = PBXBuildFile; fileRef = CC2CFA502446093100522CF3 /* CompanyByCounty.swift */; };
		CC2CFA552446837F00522CF3 /* CountyList.swift in Sources */ = {isa = PBXBuildFile; fileRef = CC2CFA542446837F00522CF3 /* CountyList.swift */; };
		CCFABADD243A3AD500D9A2CB /* AppDelegate.swift in Sources */ = {isa = PBXBuildFile; fileRef = CCFABADC243A3AD500D9A2CB /* AppDelegate.swift */; };
		CCFABADF243A3AD500D9A2CB /* SceneDelegate.swift in Sources */ = {isa = PBXBuildFile; fileRef = CCFABADE243A3AD500D9A2CB /* SceneDelegate.swift */; };
		CCFABAE4243A3AD500D9A2CB /* Main.storyboard in Resources */ = {isa = PBXBuildFile; fileRef = CCFABAE2243A3AD500D9A2CB /* Main.storyboard */; };
		CCFABAE6243A3AD800D9A2CB /* Assets.xcassets in Resources */ = {isa = PBXBuildFile; fileRef = CCFABAE5243A3AD800D9A2CB /* Assets.xcassets */; };
		CCFABAE9243A3AD800D9A2CB /* LaunchScreen.storyboard in Resources */ = {isa = PBXBuildFile; fileRef = CCFABAE7243A3AD800D9A2CB /* LaunchScreen.storyboard */; };
		CCFABAF4243A542D00D9A2CB /* Business.swift in Sources */ = {isa = PBXBuildFile; fileRef = CCFABAF3243A542D00D9A2CB /* Business.swift */; };
		CCFABAF6243A56B400D9A2CB /* Picture.swift in Sources */ = {isa = PBXBuildFile; fileRef = CCFABAF5243A56B400D9A2CB /* Picture.swift */; };
		CCFABAF8243A56E800D9A2CB /* Contact.swift in Sources */ = {isa = PBXBuildFile; fileRef = CCFABAF7243A56E800D9A2CB /* Contact.swift */; };
		CCFABAFA243A572A00D9A2CB /* SocialNetwork.swift in Sources */ = {isa = PBXBuildFile; fileRef = CCFABAF9243A572A00D9A2CB /* SocialNetwork.swift */; };
		CCFABAFC243A578E00D9A2CB /* Schedule.swift in Sources */ = {isa = PBXBuildFile; fileRef = CCFABAFB243A578E00D9A2CB /* Schedule.swift */; };
		CCFABB02243B79E200D9A2CB /* LocationViewController.swift in Sources */ = {isa = PBXBuildFile; fileRef = CCFABB01243B79E200D9A2CB /* LocationViewController.swift */; };
		CCFABB04243BF60E00D9A2CB /* InitialViewController.swift in Sources */ = {isa = PBXBuildFile; fileRef = CCFABB03243BF60E00D9A2CB /* InitialViewController.swift */; };
		CCFABB08243CD39500D9A2CB /* BusinessTypeCell.swift in Sources */ = {isa = PBXBuildFile; fileRef = CCFABB07243CD39500D9A2CB /* BusinessTypeCell.swift */; };
		CCFABB0A243CD53E00D9A2CB /* BusinessesTypeViewController.swift in Sources */ = {isa = PBXBuildFile; fileRef = CCFABB09243CD53E00D9A2CB /* BusinessesTypeViewController.swift */; };
		CCFABB0C243CE0FA00D9A2CB /* BusinessCell.swift in Sources */ = {isa = PBXBuildFile; fileRef = CCFABB0B243CE0FA00D9A2CB /* BusinessCell.swift */; };
		CCFABB0E243CE2D600D9A2CB /* BusinessesListViewController.swift in Sources */ = {isa = PBXBuildFile; fileRef = CCFABB0D243CE2D600D9A2CB /* BusinessesListViewController.swift */; };
		CCFABB17243D4F4900D9A2CB /* BusinessDetailViewController.swift in Sources */ = {isa = PBXBuildFile; fileRef = CCFABB16243D4F4900D9A2CB /* BusinessDetailViewController.swift */; };
		CCFABB1B243E148F00D9A2CB /* TutorialPageViewController.swift in Sources */ = {isa = PBXBuildFile; fileRef = CCFABB1A243E148F00D9A2CB /* TutorialPageViewController.swift */; };
		CCFABB23243E1E5E00D9A2CB /* icon-facebook.png in Resources */ = {isa = PBXBuildFile; fileRef = CCFABB22243E1E5E00D9A2CB /* icon-facebook.png */; };
		CCFABB29243E23CF00D9A2CB /* servicesList.png in Resources */ = {isa = PBXBuildFile; fileRef = CCFABB28243E23CF00D9A2CB /* servicesList.png */; };
		CCFABB2C243E2C9A00D9A2CB /* LocationTutorialViewController.swift in Sources */ = {isa = PBXBuildFile; fileRef = CCFABB2B243E2C9900D9A2CB /* LocationTutorialViewController.swift */; };
		CCFABB2E243E3D6E00D9A2CB /* HelloViewController.swift in Sources */ = {isa = PBXBuildFile; fileRef = CCFABB2D243E3D6E00D9A2CB /* HelloViewController.swift */; };
		CCFABB30243E7BAE00D9A2CB /* locationPermission.png in Resources */ = {isa = PBXBuildFile; fileRef = CCFABB2F243E7BAE00D9A2CB /* locationPermission.png */; };
		CCFABB32243E7BB400D9A2CB /* welcome.png in Resources */ = {isa = PBXBuildFile; fileRef = CCFABB31243E7BB400D9A2CB /* welcome.png */; };
		CCFABB3C243E8D2E00D9A2CB /* Proxima Nova Alt Thin.otf in Resources */ = {isa = PBXBuildFile; fileRef = CCFABB34243E8D2E00D9A2CB /* Proxima Nova Alt Thin.otf */; };
		CCFABB3D243E8D2E00D9A2CB /* Proxima Nova Alt Bold.otf in Resources */ = {isa = PBXBuildFile; fileRef = CCFABB35243E8D2E00D9A2CB /* Proxima Nova Alt Bold.otf */; };
		CCFABB3E243E8D2E00D9A2CB /* Proxima Nova Extrabold.otf in Resources */ = {isa = PBXBuildFile; fileRef = CCFABB36243E8D2E00D9A2CB /* Proxima Nova Extrabold.otf */; };
		CCFABB3F243E8D2E00D9A2CB /* Proxima Nova Thin.otf in Resources */ = {isa = PBXBuildFile; fileRef = CCFABB37243E8D2E00D9A2CB /* Proxima Nova Thin.otf */; };
		CCFABB40243E8D2E00D9A2CB /* Proxima Nova Black.otf in Resources */ = {isa = PBXBuildFile; fileRef = CCFABB38243E8D2E00D9A2CB /* Proxima Nova Black.otf */; };
		CCFABB41243E8D2E00D9A2CB /* Proxima Nova Bold.otf in Resources */ = {isa = PBXBuildFile; fileRef = CCFABB39243E8D2E00D9A2CB /* Proxima Nova Bold.otf */; };
		CCFABB42243E8D2E00D9A2CB /* ProximaNova-Regular.otf in Resources */ = {isa = PBXBuildFile; fileRef = CCFABB3A243E8D2E00D9A2CB /* ProximaNova-Regular.otf */; };
		CCFABB43243E8D2E00D9A2CB /* Proxima Nova Alt Light.otf in Resources */ = {isa = PBXBuildFile; fileRef = CCFABB3B243E8D2E00D9A2CB /* Proxima Nova Alt Light.otf */; };
		CCFABB46243E939F00D9A2CB /* icon-instagram.png in Resources */ = {isa = PBXBuildFile; fileRef = CCFABB44243E939F00D9A2CB /* icon-instagram.png */; };
		CCFABB47243E939F00D9A2CB /* icon-location.png in Resources */ = {isa = PBXBuildFile; fileRef = CCFABB45243E939F00D9A2CB /* icon-location.png */; };
/* End PBXBuildFile section */

/* Begin PBXFileReference section */
		29EEC454885373E19EDC1571 /* Pods_Proxi_mo.framework */ = {isa = PBXFileReference; explicitFileType = wrapper.framework; includeInIndex = 0; path = Pods_Proxi_mo.framework; sourceTree = BUILT_PRODUCTS_DIR; };
		734E581FF633367B7E5B65F2 /* Pods-Proxi_mo.debug.xcconfig */ = {isa = PBXFileReference; includeInIndex = 1; lastKnownFileType = text.xcconfig; name = "Pods-Proxi_mo.debug.xcconfig"; path = "Target Support Files/Pods-Proxi_mo/Pods-Proxi_mo.debug.xcconfig"; sourceTree = "<group>"; };
		89F86ABF0A84BC050F47523F /* Pods-Proxi_mo.release.xcconfig */ = {isa = PBXFileReference; includeInIndex = 1; lastKnownFileType = text.xcconfig; name = "Pods-Proxi_mo.release.xcconfig"; path = "Target Support Files/Pods-Proxi_mo/Pods-Proxi_mo.release.xcconfig"; sourceTree = "<group>"; };
		CC2CFA402444BE3F00522CF3 /* Category.swift */ = {isa = PBXFileReference; lastKnownFileType = sourcecode.swift; path = Category.swift; sourceTree = "<group>"; };
		CC2CFA4424452B7400522CF3 /* ProximoEndpoint.swift */ = {isa = PBXFileReference; lastKnownFileType = sourcecode.swift; path = ProximoEndpoint.swift; sourceTree = "<group>"; };
		CC2CFA462445F61000522CF3 /* ProximoNetworking.swift */ = {isa = PBXFileReference; lastKnownFileType = sourcecode.swift; path = ProximoNetworking.swift; sourceTree = "<group>"; };
		CC2CFA482445F82C00522CF3 /* District.swift */ = {isa = PBXFileReference; lastKnownFileType = sourcecode.swift; path = District.swift; sourceTree = "<group>"; };
		CC2CFA4A2446017000522CF3 /* County.swift */ = {isa = PBXFileReference; lastKnownFileType = sourcecode.swift; path = County.swift; sourceTree = "<group>"; };
		CC2CFA4E244604B400522CF3 /* CompanyByDistrict.swift */ = {isa = PBXFileReference; lastKnownFileType = sourcecode.swift; path = CompanyByDistrict.swift; sourceTree = "<group>"; };
		CC2CFA502446093100522CF3 /* CompanyByCounty.swift */ = {isa = PBXFileReference; lastKnownFileType = sourcecode.swift; path = CompanyByCounty.swift; sourceTree = "<group>"; };
		CC2CFA542446837F00522CF3 /* CountyList.swift */ = {isa = PBXFileReference; lastKnownFileType = sourcecode.swift; path = CountyList.swift; sourceTree = "<group>"; };
		CCFABAD9243A3AD500D9A2CB /* Proxi_mo.app */ = {isa = PBXFileReference; explicitFileType = wrapper.application; includeInIndex = 0; path = Proxi_mo.app; sourceTree = BUILT_PRODUCTS_DIR; };
		CCFABADC243A3AD500D9A2CB /* AppDelegate.swift */ = {isa = PBXFileReference; lastKnownFileType = sourcecode.swift; path = AppDelegate.swift; sourceTree = "<group>"; };
		CCFABADE243A3AD500D9A2CB /* SceneDelegate.swift */ = {isa = PBXFileReference; lastKnownFileType = sourcecode.swift; path = SceneDelegate.swift; sourceTree = "<group>"; };
		CCFABAE3243A3AD500D9A2CB /* Base */ = {isa = PBXFileReference; lastKnownFileType = file.storyboard; name = Base; path = Base.lproj/Main.storyboard; sourceTree = "<group>"; };
		CCFABAE5243A3AD800D9A2CB /* Assets.xcassets */ = {isa = PBXFileReference; lastKnownFileType = folder.assetcatalog; path = Assets.xcassets; sourceTree = "<group>"; };
		CCFABAE8243A3AD800D9A2CB /* Base */ = {isa = PBXFileReference; lastKnownFileType = file.storyboard; name = Base; path = Base.lproj/LaunchScreen.storyboard; sourceTree = "<group>"; };
		CCFABAEA243A3AD800D9A2CB /* Info.plist */ = {isa = PBXFileReference; lastKnownFileType = text.plist.xml; path = Info.plist; sourceTree = "<group>"; };
		CCFABAF3243A542D00D9A2CB /* Business.swift */ = {isa = PBXFileReference; lastKnownFileType = sourcecode.swift; path = Business.swift; sourceTree = "<group>"; };
		CCFABAF5243A56B400D9A2CB /* Picture.swift */ = {isa = PBXFileReference; lastKnownFileType = sourcecode.swift; path = Picture.swift; sourceTree = "<group>"; };
		CCFABAF7243A56E800D9A2CB /* Contact.swift */ = {isa = PBXFileReference; lastKnownFileType = sourcecode.swift; path = Contact.swift; sourceTree = "<group>"; };
		CCFABAF9243A572A00D9A2CB /* SocialNetwork.swift */ = {isa = PBXFileReference; lastKnownFileType = sourcecode.swift; path = SocialNetwork.swift; sourceTree = "<group>"; };
		CCFABAFB243A578E00D9A2CB /* Schedule.swift */ = {isa = PBXFileReference; lastKnownFileType = sourcecode.swift; path = Schedule.swift; sourceTree = "<group>"; };
		CCFABB01243B79E200D9A2CB /* LocationViewController.swift */ = {isa = PBXFileReference; lastKnownFileType = sourcecode.swift; path = LocationViewController.swift; sourceTree = "<group>"; };
		CCFABB03243BF60E00D9A2CB /* InitialViewController.swift */ = {isa = PBXFileReference; lastKnownFileType = sourcecode.swift; path = InitialViewController.swift; sourceTree = "<group>"; };
		CCFABB07243CD39500D9A2CB /* BusinessTypeCell.swift */ = {isa = PBXFileReference; lastKnownFileType = sourcecode.swift; path = BusinessTypeCell.swift; sourceTree = "<group>"; };
		CCFABB09243CD53E00D9A2CB /* BusinessesTypeViewController.swift */ = {isa = PBXFileReference; lastKnownFileType = sourcecode.swift; path = BusinessesTypeViewController.swift; sourceTree = "<group>"; };
		CCFABB0B243CE0FA00D9A2CB /* BusinessCell.swift */ = {isa = PBXFileReference; lastKnownFileType = sourcecode.swift; path = BusinessCell.swift; sourceTree = "<group>"; };
		CCFABB0D243CE2D600D9A2CB /* BusinessesListViewController.swift */ = {isa = PBXFileReference; lastKnownFileType = sourcecode.swift; path = BusinessesListViewController.swift; sourceTree = "<group>"; };
		CCFABB16243D4F4900D9A2CB /* BusinessDetailViewController.swift */ = {isa = PBXFileReference; lastKnownFileType = sourcecode.swift; path = BusinessDetailViewController.swift; sourceTree = "<group>"; };
		CCFABB1A243E148F00D9A2CB /* TutorialPageViewController.swift */ = {isa = PBXFileReference; lastKnownFileType = sourcecode.swift; path = TutorialPageViewController.swift; sourceTree = "<group>"; };
		CCFABB22243E1E5E00D9A2CB /* icon-facebook.png */ = {isa = PBXFileReference; lastKnownFileType = image.png; name = "icon-facebook.png"; path = "../../../../../../../../Downloads/icon-facebook.png"; sourceTree = "<group>"; };
		CCFABB28243E23CF00D9A2CB /* servicesList.png */ = {isa = PBXFileReference; lastKnownFileType = image.png; name = servicesList.png; path = ../../../../../../servicesList.png; sourceTree = "<group>"; };
		CCFABB2B243E2C9900D9A2CB /* LocationTutorialViewController.swift */ = {isa = PBXFileReference; lastKnownFileType = sourcecode.swift; path = LocationTutorialViewController.swift; sourceTree = "<group>"; };
		CCFABB2D243E3D6E00D9A2CB /* HelloViewController.swift */ = {isa = PBXFileReference; lastKnownFileType = sourcecode.swift; path = HelloViewController.swift; sourceTree = "<group>"; };
		CCFABB2F243E7BAE00D9A2CB /* locationPermission.png */ = {isa = PBXFileReference; lastKnownFileType = image.png; name = locationPermission.png; path = ../../../../../../locationPermission.png; sourceTree = "<group>"; };
		CCFABB31243E7BB400D9A2CB /* welcome.png */ = {isa = PBXFileReference; lastKnownFileType = image.png; name = welcome.png; path = /Users/raquelramos/Desktop/proxi_mo/welcome.png; sourceTree = "<absolute>"; };
		CCFABB34243E8D2E00D9A2CB /* Proxima Nova Alt Thin.otf */ = {isa = PBXFileReference; lastKnownFileType = file; name = "Proxima Nova Alt Thin.otf"; path = "../../../../../../../Downloads/proxima_ssv/Proxima Nova Alt Thin.otf"; sourceTree = "<group>"; };
		CCFABB35243E8D2E00D9A2CB /* Proxima Nova Alt Bold.otf */ = {isa = PBXFileReference; lastKnownFileType = file; name = "Proxima Nova Alt Bold.otf"; path = "../../../../../../../Downloads/proxima_ssv/Proxima Nova Alt Bold.otf"; sourceTree = "<group>"; };
		CCFABB36243E8D2E00D9A2CB /* Proxima Nova Extrabold.otf */ = {isa = PBXFileReference; lastKnownFileType = file; name = "Proxima Nova Extrabold.otf"; path = "../../../../../../../Downloads/proxima_ssv/Proxima Nova Extrabold.otf"; sourceTree = "<group>"; };
		CCFABB37243E8D2E00D9A2CB /* Proxima Nova Thin.otf */ = {isa = PBXFileReference; lastKnownFileType = file; name = "Proxima Nova Thin.otf"; path = "../../../../../../../Downloads/proxima_ssv/Proxima Nova Thin.otf"; sourceTree = "<group>"; };
		CCFABB38243E8D2E00D9A2CB /* Proxima Nova Black.otf */ = {isa = PBXFileReference; lastKnownFileType = file; name = "Proxima Nova Black.otf"; path = "../../../../../../../Downloads/proxima_ssv/Proxima Nova Black.otf"; sourceTree = "<group>"; };
		CCFABB39243E8D2E00D9A2CB /* Proxima Nova Bold.otf */ = {isa = PBXFileReference; lastKnownFileType = file; name = "Proxima Nova Bold.otf"; path = "../../../../../../../Downloads/proxima_ssv/Proxima Nova Bold.otf"; sourceTree = "<group>"; };
		CCFABB3A243E8D2E00D9A2CB /* ProximaNova-Regular.otf */ = {isa = PBXFileReference; lastKnownFileType = file; name = "ProximaNova-Regular.otf"; path = "../../../../../../../Downloads/proxima_ssv/ProximaNova-Regular.otf"; sourceTree = "<group>"; };
		CCFABB3B243E8D2E00D9A2CB /* Proxima Nova Alt Light.otf */ = {isa = PBXFileReference; lastKnownFileType = file; name = "Proxima Nova Alt Light.otf"; path = "../../../../../../../Downloads/proxima_ssv/Proxima Nova Alt Light.otf"; sourceTree = "<group>"; };
		CCFABB44243E939F00D9A2CB /* icon-instagram.png */ = {isa = PBXFileReference; lastKnownFileType = image.png; name = "icon-instagram.png"; path = "../../../../../../../../Downloads/icon-instagram.png"; sourceTree = "<group>"; };
		CCFABB45243E939F00D9A2CB /* icon-location.png */ = {isa = PBXFileReference; lastKnownFileType = image.png; name = "icon-location.png"; path = "/Users/raquelramos/Desktop/proxi_mo/proximo_iOS/Proxi_mo/Proxi_mo/Resources/Images/Icons/../../../../../../../../Downloads/icon-location.png"; sourceTree = "<absolute>"; };
/* End PBXFileReference section */

/* Begin PBXFrameworksBuildPhase section */
		CCFABAD6243A3AD500D9A2CB /* Frameworks */ = {
			isa = PBXFrameworksBuildPhase;
			buildActionMask = 2147483647;
			files = (
				8E77B9A3B6962736D71C3A37 /* Pods_Proxi_mo.framework in Frameworks */,
			);
			runOnlyForDeploymentPostprocessing = 0;
		};
/* End PBXFrameworksBuildPhase section */

/* Begin PBXGroup section */
		565C32D2448CB4147ABFBAE4 /* Frameworks */ = {
			isa = PBXGroup;
			children = (
				29EEC454885373E19EDC1571 /* Pods_Proxi_mo.framework */,
			);
			name = Frameworks;
			sourceTree = "<group>";
		};
		BC21B35D05C5D5B1ADD02EC3 /* Pods */ = {
			isa = PBXGroup;
			children = (
				734E581FF633367B7E5B65F2 /* Pods-Proxi_mo.debug.xcconfig */,
				89F86ABF0A84BC050F47523F /* Pods-Proxi_mo.release.xcconfig */,
			);
			path = Pods;
			sourceTree = "<group>";
		};
		CCFABAD0243A3AD500D9A2CB = {
			isa = PBXGroup;
			children = (
				CCFABADB243A3AD500D9A2CB /* Proxi_mo */,
				CCFABADA243A3AD500D9A2CB /* Products */,
				BC21B35D05C5D5B1ADD02EC3 /* Pods */,
				565C32D2448CB4147ABFBAE4 /* Frameworks */,
			);
			sourceTree = "<group>";
		};
		CCFABADA243A3AD500D9A2CB /* Products */ = {
			isa = PBXGroup;
			children = (
				CCFABAD9243A3AD500D9A2CB /* Proxi_mo.app */,
			);
			name = Products;
			sourceTree = "<group>";
		};
		CCFABADB243A3AD500D9A2CB /* Proxi_mo */ = {
			isa = PBXGroup;
			children = (
				CCFABB48243E981A00D9A2CB /* Networking */,
				CCFABB00243A5B4000D9A2CB /* App */,
				CCFABAFD243A59EC00D9A2CB /* Resources */,
				CCFABAF2243A4DCB00D9A2CB /* Controller */,
				CCFABAF1243A4DC200D9A2CB /* View */,
				CCFABAF0243A4DBB00D9A2CB /* Model */,
				CCFABAE2243A3AD500D9A2CB /* Main.storyboard */,
				CCFABAE7243A3AD800D9A2CB /* LaunchScreen.storyboard */,
				CCFABAE5243A3AD800D9A2CB /* Assets.xcassets */,
				CCFABAEA243A3AD800D9A2CB /* Info.plist */,
			);
			path = Proxi_mo;
			sourceTree = "<group>";
		};
		CCFABAF0243A4DBB00D9A2CB /* Model */ = {
			isa = PBXGroup;
			children = (
				CCFABAF3243A542D00D9A2CB /* Business.swift */,
				CCFABAF5243A56B400D9A2CB /* Picture.swift */,
				CCFABAF7243A56E800D9A2CB /* Contact.swift */,
				CCFABAF9243A572A00D9A2CB /* SocialNetwork.swift */,
				CCFABAFB243A578E00D9A2CB /* Schedule.swift */,
				CC2CFA402444BE3F00522CF3 /* Category.swift */,
				CC2CFA482445F82C00522CF3 /* District.swift */,
				CC2CFA4A2446017000522CF3 /* County.swift */,
				CC2CFA4E244604B400522CF3 /* CompanyByDistrict.swift */,
				CC2CFA502446093100522CF3 /* CompanyByCounty.swift */,
				CC2CFA542446837F00522CF3 /* CountyList.swift */,
			);
			path = Model;
			sourceTree = "<group>";
		};
		CCFABAF1243A4DC200D9A2CB /* View */ = {
			isa = PBXGroup;
			children = (
				CCFABB07243CD39500D9A2CB /* BusinessTypeCell.swift */,
				CCFABB0B243CE0FA00D9A2CB /* BusinessCell.swift */,
			);
			path = View;
			sourceTree = "<group>";
		};
		CCFABAF2243A4DCB00D9A2CB /* Controller */ = {
			isa = PBXGroup;
			children = (
				CCFABB01243B79E200D9A2CB /* LocationViewController.swift */,
				CCFABB03243BF60E00D9A2CB /* InitialViewController.swift */,
				CCFABB09243CD53E00D9A2CB /* BusinessesTypeViewController.swift */,
				CCFABB0D243CE2D600D9A2CB /* BusinessesListViewController.swift */,
				CCFABB16243D4F4900D9A2CB /* BusinessDetailViewController.swift */,
				CCFABB1A243E148F00D9A2CB /* TutorialPageViewController.swift */,
				CCFABB2B243E2C9900D9A2CB /* LocationTutorialViewController.swift */,
				CCFABB2D243E3D6E00D9A2CB /* HelloViewController.swift */,
			);
			path = Controller;
			sourceTree = "<group>";
		};
		CCFABAFD243A59EC00D9A2CB /* Resources */ = {
			isa = PBXGroup;
			children = (
				CCFABB33243E8CFC00D9A2CB /* Fonts */,
				CCFABB0F243D360700D9A2CB /* Images */,
			);
			path = Resources;
			sourceTree = "<group>";
		};
		CCFABB00243A5B4000D9A2CB /* App */ = {
			isa = PBXGroup;
			children = (
				CCFABADC243A3AD500D9A2CB /* AppDelegate.swift */,
				CCFABADE243A3AD500D9A2CB /* SceneDelegate.swift */,
			);
			path = App;
			sourceTree = "<group>";
		};
		CCFABB0F243D360700D9A2CB /* Images */ = {
			isa = PBXGroup;
			children = (
				CCFABB19243E127200D9A2CB /* Tutorial */,
				CCFABB18243E126600D9A2CB /* Icons */,
			);
			path = Images;
			sourceTree = "<group>";
		};
		CCFABB18243E126600D9A2CB /* Icons */ = {
			isa = PBXGroup;
			children = (
				CCFABB44243E939F00D9A2CB /* icon-instagram.png */,
				CCFABB45243E939F00D9A2CB /* icon-location.png */,
				CCFABB22243E1E5E00D9A2CB /* icon-facebook.png */,
			);
			path = Icons;
			sourceTree = "<group>";
		};
		CCFABB19243E127200D9A2CB /* Tutorial */ = {
			isa = PBXGroup;
			children = (
				CCFABB31243E7BB400D9A2CB /* welcome.png */,
				CCFABB2F243E7BAE00D9A2CB /* locationPermission.png */,
				CCFABB28243E23CF00D9A2CB /* servicesList.png */,
			);
			path = Tutorial;
			sourceTree = "<group>";
		};
		CCFABB33243E8CFC00D9A2CB /* Fonts */ = {
			isa = PBXGroup;
			children = (
				CCFABB35243E8D2E00D9A2CB /* Proxima Nova Alt Bold.otf */,
				CCFABB3B243E8D2E00D9A2CB /* Proxima Nova Alt Light.otf */,
				CCFABB34243E8D2E00D9A2CB /* Proxima Nova Alt Thin.otf */,
				CCFABB38243E8D2E00D9A2CB /* Proxima Nova Black.otf */,
				CCFABB39243E8D2E00D9A2CB /* Proxima Nova Bold.otf */,
				CCFABB36243E8D2E00D9A2CB /* Proxima Nova Extrabold.otf */,
				CCFABB37243E8D2E00D9A2CB /* Proxima Nova Thin.otf */,
				CCFABB3A243E8D2E00D9A2CB /* ProximaNova-Regular.otf */,
			);
			path = Fonts;
			sourceTree = "<group>";
		};
		CCFABB48243E981A00D9A2CB /* Networking */ = {
			isa = PBXGroup;
			children = (
				CC2CFA4424452B7400522CF3 /* ProximoEndpoint.swift */,
				CC2CFA462445F61000522CF3 /* ProximoNetworking.swift */,
			);
			path = Networking;
			sourceTree = "<group>";
		};
/* End PBXGroup section */

/* Begin PBXNativeTarget section */
		CCFABAD8243A3AD500D9A2CB /* Proxi_mo */ = {
			isa = PBXNativeTarget;
			buildConfigurationList = CCFABAED243A3AD800D9A2CB /* Build configuration list for PBXNativeTarget "Proxi_mo" */;
			buildPhases = (
				523B34C2214FD3AFB3F811DE /* [CP] Check Pods Manifest.lock */,
				CCFABAD5243A3AD500D9A2CB /* Sources */,
				CCFABAD6243A3AD500D9A2CB /* Frameworks */,
				CCFABAD7243A3AD500D9A2CB /* Resources */,
				4900F977CB0A1E102EE46986 /* [CP] Embed Pods Frameworks */,
			);
			buildRules = (
			);
			dependencies = (
			);
			name = Proxi_mo;
			productName = Proxi_mo;
			productReference = CCFABAD9243A3AD500D9A2CB /* Proxi_mo.app */;
			productType = "com.apple.product-type.application";
		};
/* End PBXNativeTarget section */

/* Begin PBXProject section */
		CCFABAD1243A3AD500D9A2CB /* Project object */ = {
			isa = PBXProject;
			attributes = {
				LastSwiftUpdateCheck = 1140;
				LastUpgradeCheck = 1140;
				ORGANIZATIONNAME = "raquel ramos";
				TargetAttributes = {
					CCFABAD8243A3AD500D9A2CB = {
						CreatedOnToolsVersion = 11.4;
					};
				};
			};
			buildConfigurationList = CCFABAD4243A3AD500D9A2CB /* Build configuration list for PBXProject "Proxi_mo" */;
			compatibilityVersion = "Xcode 9.3";
			developmentRegion = en;
			hasScannedForEncodings = 0;
			knownRegions = (
				en,
				Base,
			);
			mainGroup = CCFABAD0243A3AD500D9A2CB;
			productRefGroup = CCFABADA243A3AD500D9A2CB /* Products */;
			projectDirPath = "";
			projectRoot = "";
			targets = (
				CCFABAD8243A3AD500D9A2CB /* Proxi_mo */,
			);
		};
/* End PBXProject section */

/* Begin PBXResourcesBuildPhase section */
		CCFABAD7243A3AD500D9A2CB /* Resources */ = {
			isa = PBXResourcesBuildPhase;
			buildActionMask = 2147483647;
			files = (
				CCFABB29243E23CF00D9A2CB /* servicesList.png in Resources */,
				CCFABB23243E1E5E00D9A2CB /* icon-facebook.png in Resources */,
				CCFABB41243E8D2E00D9A2CB /* Proxima Nova Bold.otf in Resources */,
				CCFABAE9243A3AD800D9A2CB /* LaunchScreen.storyboard in Resources */,
				CCFABB47243E939F00D9A2CB /* icon-location.png in Resources */,
				CCFABB3D243E8D2E00D9A2CB /* Proxima Nova Alt Bold.otf in Resources */,
				CCFABB32243E7BB400D9A2CB /* welcome.png in Resources */,
				CCFABB40243E8D2E00D9A2CB /* Proxima Nova Black.otf in Resources */,
				CCFABB30243E7BAE00D9A2CB /* locationPermission.png in Resources */,
				CCFABB3F243E8D2E00D9A2CB /* Proxima Nova Thin.otf in Resources */,
				CCFABB3C243E8D2E00D9A2CB /* Proxima Nova Alt Thin.otf in Resources */,
				CCFABB42243E8D2E00D9A2CB /* ProximaNova-Regular.otf in Resources */,
				CCFABB3E243E8D2E00D9A2CB /* Proxima Nova Extrabold.otf in Resources */,
				CCFABAE6243A3AD800D9A2CB /* Assets.xcassets in Resources */,
				CCFABB46243E939F00D9A2CB /* icon-instagram.png in Resources */,
				CCFABB43243E8D2E00D9A2CB /* Proxima Nova Alt Light.otf in Resources */,
				CCFABAE4243A3AD500D9A2CB /* Main.storyboard in Resources */,
			);
			runOnlyForDeploymentPostprocessing = 0;
		};
/* End PBXResourcesBuildPhase section */

/* Begin PBXShellScriptBuildPhase section */
		4900F977CB0A1E102EE46986 /* [CP] Embed Pods Frameworks */ = {
			isa = PBXShellScriptBuildPhase;
			buildActionMask = 2147483647;
			files = (
			);
			inputFileListPaths = (
				"${PODS_ROOT}/Target Support Files/Pods-Proxi_mo/Pods-Proxi_mo-frameworks-${CONFIGURATION}-input-files.xcfilelist",
			);
			name = "[CP] Embed Pods Frameworks";
			outputFileListPaths = (
				"${PODS_ROOT}/Target Support Files/Pods-Proxi_mo/Pods-Proxi_mo-frameworks-${CONFIGURATION}-output-files.xcfilelist",
			);
			runOnlyForDeploymentPostprocessing = 0;
			shellPath = /bin/sh;
			shellScript = "\"${PODS_ROOT}/Target Support Files/Pods-Proxi_mo/Pods-Proxi_mo-frameworks.sh\"\n";
			showEnvVarsInLog = 0;
		};
		523B34C2214FD3AFB3F811DE /* [CP] Check Pods Manifest.lock */ = {
			isa = PBXShellScriptBuildPhase;
			buildActionMask = 2147483647;
			files = (
			);
			inputFileListPaths = (
			);
			inputPaths = (
				"${PODS_PODFILE_DIR_PATH}/Podfile.lock",
				"${PODS_ROOT}/Manifest.lock",
			);
			name = "[CP] Check Pods Manifest.lock";
			outputFileListPaths = (
			);
			outputPaths = (
				"$(DERIVED_FILE_DIR)/Pods-Proxi_mo-checkManifestLockResult.txt",
			);
			runOnlyForDeploymentPostprocessing = 0;
			shellPath = /bin/sh;
			shellScript = "diff \"${PODS_PODFILE_DIR_PATH}/Podfile.lock\" \"${PODS_ROOT}/Manifest.lock\" > /dev/null\nif [ $? != 0 ] ; then\n    # print error to STDERR\n    echo \"error: The sandbox is not in sync with the Podfile.lock. Run 'pod install' or update your CocoaPods installation.\" >&2\n    exit 1\nfi\n# This output is used by Xcode 'outputs' to avoid re-running this script phase.\necho \"SUCCESS\" > \"${SCRIPT_OUTPUT_FILE_0}\"\n";
			showEnvVarsInLog = 0;
		};
/* End PBXShellScriptBuildPhase section */

/* Begin PBXSourcesBuildPhase section */
		CCFABAD5243A3AD500D9A2CB /* Sources */ = {
			isa = PBXSourcesBuildPhase;
			buildActionMask = 2147483647;
			files = (
				CCFABAF8243A56E800D9A2CB /* Contact.swift in Sources */,
				CCFABAF6243A56B400D9A2CB /* Picture.swift in Sources */,
				CCFABB08243CD39500D9A2CB /* BusinessTypeCell.swift in Sources */,
				CCFABAFA243A572A00D9A2CB /* SocialNetwork.swift in Sources */,
				CCFABAF4243A542D00D9A2CB /* Business.swift in Sources */,
				CCFABB17243D4F4900D9A2CB /* BusinessDetailViewController.swift in Sources */,
				CC2CFA4F244604B400522CF3 /* CompanyByDistrict.swift in Sources */,
				CC2CFA512446093100522CF3 /* CompanyByCounty.swift in Sources */,
				CCFABB0E243CE2D600D9A2CB /* BusinessesListViewController.swift in Sources */,
				CCFABB0C243CE0FA00D9A2CB /* BusinessCell.swift in Sources */,
				CCFABB04243BF60E00D9A2CB /* InitialViewController.swift in Sources */,
				CCFABADD243A3AD500D9A2CB /* AppDelegate.swift in Sources */,
				CC2CFA4524452B7400522CF3 /* ProximoEndpoint.swift in Sources */,
				CCFABB02243B79E200D9A2CB /* LocationViewController.swift in Sources */,
				CCFABB2C243E2C9A00D9A2CB /* LocationTutorialViewController.swift in Sources */,
				CCFABB1B243E148F00D9A2CB /* TutorialPageViewController.swift in Sources */,
				CCFABAFC243A578E00D9A2CB /* Schedule.swift in Sources */,
				CC2CFA4B2446017000522CF3 /* County.swift in Sources */,
				CCFABB2E243E3D6E00D9A2CB /* HelloViewController.swift in Sources */,
				CCFABB0A243CD53E00D9A2CB /* BusinessesTypeViewController.swift in Sources */,
				CCFABADF243A3AD500D9A2CB /* SceneDelegate.swift in Sources */,
				CC2CFA492445F82C00522CF3 /* District.swift in Sources */,
				CC2CFA412444BE3F00522CF3 /* Category.swift in Sources */,
				CC2CFA552446837F00522CF3 /* CountyList.swift in Sources */,
				CC2CFA472445F61000522CF3 /* ProximoNetworking.swift in Sources */,
			);
			runOnlyForDeploymentPostprocessing = 0;
		};
/* End PBXSourcesBuildPhase section */

/* Begin PBXVariantGroup section */
		CCFABAE2243A3AD500D9A2CB /* Main.storyboard */ = {
			isa = PBXVariantGroup;
			children = (
				CCFABAE3243A3AD500D9A2CB /* Base */,
			);
			name = Main.storyboard;
			sourceTree = "<group>";
		};
		CCFABAE7243A3AD800D9A2CB /* LaunchScreen.storyboard */ = {
			isa = PBXVariantGroup;
			children = (
				CCFABAE8243A3AD800D9A2CB /* Base */,
			);
			name = LaunchScreen.storyboard;
			sourceTree = "<group>";
		};
/* End PBXVariantGroup section */

/* Begin XCBuildConfiguration section */
		CCFABAEB243A3AD800D9A2CB /* Debug */ = {
			isa = XCBuildConfiguration;
			buildSettings = {
				ALWAYS_SEARCH_USER_PATHS = NO;
				CLANG_ANALYZER_NONNULL = YES;
				CLANG_ANALYZER_NUMBER_OBJECT_CONVERSION = YES_AGGRESSIVE;
				CLANG_CXX_LANGUAGE_STANDARD = "gnu++14";
				CLANG_CXX_LIBRARY = "libc++";
				CLANG_ENABLE_MODULES = YES;
				CLANG_ENABLE_OBJC_ARC = YES;
				CLANG_ENABLE_OBJC_WEAK = YES;
				CLANG_WARN_BLOCK_CAPTURE_AUTORELEASING = YES;
				CLANG_WARN_BOOL_CONVERSION = YES;
				CLANG_WARN_COMMA = YES;
				CLANG_WARN_CONSTANT_CONVERSION = YES;
				CLANG_WARN_DEPRECATED_OBJC_IMPLEMENTATIONS = YES;
				CLANG_WARN_DIRECT_OBJC_ISA_USAGE = YES_ERROR;
				CLANG_WARN_DOCUMENTATION_COMMENTS = YES;
				CLANG_WARN_EMPTY_BODY = YES;
				CLANG_WARN_ENUM_CONVERSION = YES;
				CLANG_WARN_INFINITE_RECURSION = YES;
				CLANG_WARN_INT_CONVERSION = YES;
				CLANG_WARN_NON_LITERAL_NULL_CONVERSION = YES;
				CLANG_WARN_OBJC_IMPLICIT_RETAIN_SELF = YES;
				CLANG_WARN_OBJC_LITERAL_CONVERSION = YES;
				CLANG_WARN_OBJC_ROOT_CLASS = YES_ERROR;
				CLANG_WARN_RANGE_LOOP_ANALYSIS = YES;
				CLANG_WARN_STRICT_PROTOTYPES = YES;
				CLANG_WARN_SUSPICIOUS_MOVE = YES;
				CLANG_WARN_UNGUARDED_AVAILABILITY = YES_AGGRESSIVE;
				CLANG_WARN_UNREACHABLE_CODE = YES;
				CLANG_WARN__DUPLICATE_METHOD_MATCH = YES;
				COPY_PHASE_STRIP = NO;
				DEBUG_INFORMATION_FORMAT = dwarf;
				ENABLE_STRICT_OBJC_MSGSEND = YES;
				ENABLE_TESTABILITY = YES;
				GCC_C_LANGUAGE_STANDARD = gnu11;
				GCC_DYNAMIC_NO_PIC = NO;
				GCC_NO_COMMON_BLOCKS = YES;
				GCC_OPTIMIZATION_LEVEL = 0;
				GCC_PREPROCESSOR_DEFINITIONS = (
					"DEBUG=1",
					"$(inherited)",
				);
				GCC_WARN_64_TO_32_BIT_CONVERSION = YES;
				GCC_WARN_ABOUT_RETURN_TYPE = YES_ERROR;
				GCC_WARN_UNDECLARED_SELECTOR = YES;
				GCC_WARN_UNINITIALIZED_AUTOS = YES_AGGRESSIVE;
				GCC_WARN_UNUSED_FUNCTION = YES;
				GCC_WARN_UNUSED_VARIABLE = YES;
				IPHONEOS_DEPLOYMENT_TARGET = 13.4;
				MTL_ENABLE_DEBUG_INFO = INCLUDE_SOURCE;
				MTL_FAST_MATH = YES;
				ONLY_ACTIVE_ARCH = YES;
				SDKROOT = iphoneos;
				SWIFT_ACTIVE_COMPILATION_CONDITIONS = DEBUG;
				SWIFT_OPTIMIZATION_LEVEL = "-Onone";
			};
			name = Debug;
		};
		CCFABAEC243A3AD800D9A2CB /* Release */ = {
			isa = XCBuildConfiguration;
			buildSettings = {
				ALWAYS_SEARCH_USER_PATHS = NO;
				CLANG_ANALYZER_NONNULL = YES;
				CLANG_ANALYZER_NUMBER_OBJECT_CONVERSION = YES_AGGRESSIVE;
				CLANG_CXX_LANGUAGE_STANDARD = "gnu++14";
				CLANG_CXX_LIBRARY = "libc++";
				CLANG_ENABLE_MODULES = YES;
				CLANG_ENABLE_OBJC_ARC = YES;
				CLANG_ENABLE_OBJC_WEAK = YES;
				CLANG_WARN_BLOCK_CAPTURE_AUTORELEASING = YES;
				CLANG_WARN_BOOL_CONVERSION = YES;
				CLANG_WARN_COMMA = YES;
				CLANG_WARN_CONSTANT_CONVERSION = YES;
				CLANG_WARN_DEPRECATED_OBJC_IMPLEMENTATIONS = YES;
				CLANG_WARN_DIRECT_OBJC_ISA_USAGE = YES_ERROR;
				CLANG_WARN_DOCUMENTATION_COMMENTS = YES;
				CLANG_WARN_EMPTY_BODY = YES;
				CLANG_WARN_ENUM_CONVERSION = YES;
				CLANG_WARN_INFINITE_RECURSION = YES;
				CLANG_WARN_INT_CONVERSION = YES;
				CLANG_WARN_NON_LITERAL_NULL_CONVERSION = YES;
				CLANG_WARN_OBJC_IMPLICIT_RETAIN_SELF = YES;
				CLANG_WARN_OBJC_LITERAL_CONVERSION = YES;
				CLANG_WARN_OBJC_ROOT_CLASS = YES_ERROR;
				CLANG_WARN_RANGE_LOOP_ANALYSIS = YES;
				CLANG_WARN_STRICT_PROTOTYPES = YES;
				CLANG_WARN_SUSPICIOUS_MOVE = YES;
				CLANG_WARN_UNGUARDED_AVAILABILITY = YES_AGGRESSIVE;
				CLANG_WARN_UNREACHABLE_CODE = YES;
				CLANG_WARN__DUPLICATE_METHOD_MATCH = YES;
				COPY_PHASE_STRIP = NO;
				DEBUG_INFORMATION_FORMAT = "dwarf-with-dsym";
				ENABLE_NS_ASSERTIONS = NO;
				ENABLE_STRICT_OBJC_MSGSEND = YES;
				GCC_C_LANGUAGE_STANDARD = gnu11;
				GCC_NO_COMMON_BLOCKS = YES;
				GCC_WARN_64_TO_32_BIT_CONVERSION = YES;
				GCC_WARN_ABOUT_RETURN_TYPE = YES_ERROR;
				GCC_WARN_UNDECLARED_SELECTOR = YES;
				GCC_WARN_UNINITIALIZED_AUTOS = YES_AGGRESSIVE;
				GCC_WARN_UNUSED_FUNCTION = YES;
				GCC_WARN_UNUSED_VARIABLE = YES;
				IPHONEOS_DEPLOYMENT_TARGET = 13.4;
				MTL_ENABLE_DEBUG_INFO = NO;
				MTL_FAST_MATH = YES;
				SDKROOT = iphoneos;
				SWIFT_COMPILATION_MODE = wholemodule;
				SWIFT_OPTIMIZATION_LEVEL = "-O";
				VALIDATE_PRODUCT = YES;
			};
			name = Release;
		};
		CCFABAEE243A3AD800D9A2CB /* Debug */ = {
			isa = XCBuildConfiguration;
			baseConfigurationReference = 734E581FF633367B7E5B65F2 /* Pods-Proxi_mo.debug.xcconfig */;
			buildSettings = {
				ASSETCATALOG_COMPILER_APPICON_NAME = AppIcon;
				CODE_SIGN_STYLE = Automatic;
				DEVELOPMENT_TEAM = 6ZH39557SG;
				INFOPLIST_FILE = Proxi_mo/Info.plist;
				LD_RUNPATH_SEARCH_PATHS = (
					"$(inherited)",
					"@executable_path/Frameworks",
				);
				PRODUCT_BUNDLE_IDENTIFIER = "com.raquelramos.Proxi-mo";
				PRODUCT_NAME = "$(TARGET_NAME)";
				SWIFT_VERSION = 5.0;
				TARGETED_DEVICE_FAMILY = "1,2";
			};
			name = Debug;
		};
		CCFABAEF243A3AD800D9A2CB /* Release */ = {
			isa = XCBuildConfiguration;
			baseConfigurationReference = 89F86ABF0A84BC050F47523F /* Pods-Proxi_mo.release.xcconfig */;
			buildSettings = {
				ASSETCATALOG_COMPILER_APPICON_NAME = AppIcon;
				CODE_SIGN_STYLE = Automatic;
				DEVELOPMENT_TEAM = 6ZH39557SG;
				INFOPLIST_FILE = Proxi_mo/Info.plist;
				LD_RUNPATH_SEARCH_PATHS = (
					"$(inherited)",
					"@executable_path/Frameworks",
				);
				PRODUCT_BUNDLE_IDENTIFIER = "com.raquelramos.Proxi-mo";
				PRODUCT_NAME = "$(TARGET_NAME)";
				SWIFT_VERSION = 5.0;
				TARGETED_DEVICE_FAMILY = "1,2";
			};
			name = Release;
		};
/* End XCBuildConfiguration section */

/* Begin XCConfigurationList section */
		CCFABAD4243A3AD500D9A2CB /* Build configuration list for PBXProject "Proxi_mo" */ = {
			isa = XCConfigurationList;
			buildConfigurations = (
				CCFABAEB243A3AD800D9A2CB /* Debug */,
				CCFABAEC243A3AD800D9A2CB /* Release */,
			);
			defaultConfigurationIsVisible = 0;
			defaultConfigurationName = Release;
		};
		CCFABAED243A3AD800D9A2CB /* Build configuration list for PBXNativeTarget "Proxi_mo" */ = {
			isa = XCConfigurationList;
			buildConfigurations = (
				CCFABAEE243A3AD800D9A2CB /* Debug */,
				CCFABAEF243A3AD800D9A2CB /* Release */,
			);
			defaultConfigurationIsVisible = 0;
			defaultConfigurationName = Release;
		};
/* End XCConfigurationList section */
	};
	rootObject = CCFABAD1243A3AD500D9A2CB /* Project object */;
}
